
Microsoft Visual Studio Solution File, Format Version 12.00
# Visual Studio Version 16
VisualStudioVersion = 16.0.31424.327
MinimumVisualStudioVersion = 10.0.40219.1
Project("{8BC9CEB8-8B4A-11D0-8D11-00A0C91BC942}") = "src", "src\src.vcxproj", "{7B3C5E15-9D70-4678-BBEA-C7DE6386409F}"
EndProject
Project("{8BC9CEB8-8B4A-11D0-8D11-00A0C91BC942}") = "test", "test\test.vcxproj", "{04013ABD-C7F2-422B-94CF-1334909DD858}"
	ProjectSection(ProjectDependencies) = postProject
		{7B3C5E15-9D70-4678-BBEA-C7DE6386409F} = {7B3C5E15-9D70-4678-BBEA-C7DE6386409F}
	EndProjectSection
EndProject
Global
	GlobalSection(SolutionConfigurationPlatforms) = preSolution
		Debug|x64 = Debug|x64
		Debug|x86 = Debug|x86
		Release|x64 = Release|x64
		Release|x86 = Release|x86
	EndGlobalSection
	GlobalSection(ProjectConfigurationPlatforms) = postSolution
		{7B3C5E15-9D70-4678-BBEA-C7DE6386409F}.Debug|x64.ActiveCfg = Debug|x64
		{7B3C5E15-9D70-4678-BBEA-C7DE6386409F}.Debug|x64.Build.0 = Debug|x64
		{7B3C5E15-9D70-4678-BBEA-C7DE6386409F}.Debug|x86.ActiveCfg = Debug|Win32
		{7B3C5E15-9D70-4678-BBEA-C7DE6386409F}.Debug|x86.Build.0 = Debug|Win32
		{7B3C5E15-9D70-4678-BBEA-C7DE6386409F}.Release|x64.ActiveCfg = Release|x64
		{7B3C5E15-9D70-4678-BBEA-C7DE6386409F}.Release|x64.Build.0 = Release|x64
		{7B3C5E15-9D70-4678-BBEA-C7DE6386409F}.Release|x86.ActiveCfg = Release|Win32
		{7B3C5E15-9D70-4678-BBEA-C7DE6386409F}.Release|x86.Build.0 = Release|Win32
		{04013ABD-C7F2-422B-94CF-1334909DD858}.Debug|x64.ActiveCfg = Debug|x64
		{04013ABD-C7F2-422B-94CF-1334909DD858}.Debug|x64.Build.0 = Debug|x64
		{04013ABD-C7F2-422B-94CF-1334909DD858}.Debug|x86.ActiveCfg = Debug|Win32
		{04013ABD-C7F2-422B-94CF-1334909DD858}.Debug|x86.Build.0 = Debug|Win32
		{04013ABD-C7F2-422B-94CF-1334909DD858}.Release|x64.ActiveCfg = Release|x64
		{04013ABD-C7F2-422B-94CF-1334909DD858}.Release|x64.Build.0 = Release|x64
		{04013ABD-C7F2-422B-94CF-1334909DD858}.Release|x86.ActiveCfg = Release|Win32
		{04013ABD-C7F2-422B-94CF-1334909DD858}.Release|x86.Build.0 = Release|Win32
	EndGlobalSection
	GlobalSection(SolutionProperties) = preSolution
		HideSolutionNode = FALSE
	EndGlobalSection
	GlobalSection(ExtensibilityGlobals) = postSolution
		SolutionGuid = {F2864790-A7D3-4149-AC4C-FF2C34C1C73B}
	EndGlobalSection
EndGlobal
